
Microsoft Visual Studio Solution File, Format Version 12.00
# Visual Studio Version 16
VisualStudioVersion = 16.0.31313.79
MinimumVisualStudioVersion = 10.0.40219.1
Project("{FAE04EC0-301F-11D3-BF4B-00C04F79EFBC}") = "EmployeePayRoll_ADO.NET", "EmployeePayRoll_ADO.NET.csproj", "{5415CEB4-F099-4BE0-9393-6CB8E32C875A}"
EndProject
Global
	GlobalSection(SolutionConfigurationPlatforms) = preSolution
		Debug|Any CPU = Debug|Any CPU
		Release|Any CPU = Release|Any CPU
	EndGlobalSection
	GlobalSection(ProjectConfigurationPlatforms) = postSolution
		{5415CEB4-F099-4BE0-9393-6CB8E32C875A}.Debug|Any CPU.ActiveCfg = Debug|Any CPU
		{5415CEB4-F099-4BE0-9393-6CB8E32C875A}.Debug|Any CPU.Build.0 = Debug|Any CPU
		{5415CEB4-F099-4BE0-9393-6CB8E32C875A}.Release|Any CPU.ActiveCfg = Release|Any CPU
		{5415CEB4-F099-4BE0-9393-6CB8E32C875A}.Release|Any CPU.Build.0 = Release|Any CPU
	EndGlobalSection
	GlobalSection(SolutionProperties) = preSolution
		HideSolutionNode = FALSE
	EndGlobalSection
	GlobalSection(ExtensibilityGlobals) = postSolution
		SolutionGuid = {94DBC1DD-299F-45F9-AF74-DEC0343D46D0}
	EndGlobalSection
EndGlobal
